
Microsoft Visual Studio Solution File, Format Version 12.00
# Visual Studio Version 17
VisualStudioVersion = 17.2.32630.192
MinimumVisualStudioVersion = 10.0.40219.1
Project("{888888A0-9F3D-457C-B088-3A5042F75D52}") = "Cryptography Day-3", "Cryptography Day-3\Cryptography Day-3.pyproj", "{E67756F2-B4CC-4C8F-952E-76C2F2F685A3}"
EndProject
Global
	GlobalSection(SolutionConfigurationPlatforms) = preSolution
		Debug|Any CPU = Debug|Any CPU
		Release|Any CPU = Release|Any CPU
	EndGlobalSection
	GlobalSection(ProjectConfigurationPlatforms) = postSolution
		{E67756F2-B4CC-4C8F-952E-76C2F2F685A3}.Debug|Any CPU.ActiveCfg = Debug|Any CPU
		{E67756F2-B4CC-4C8F-952E-76C2F2F685A3}.Release|Any CPU.ActiveCfg = Release|Any CPU
	EndGlobalSection
	GlobalSection(SolutionProperties) = preSolution
		HideSolutionNode = FALSE
	EndGlobalSection
	GlobalSection(ExtensibilityGlobals) = postSolution
		SolutionGuid = {3A261EF9-7806-4AD1-9DC4-920989E56D64}
	EndGlobalSection
EndGlobal
